
Microsoft Visual Studio Solution File, Format Version 12.00
# Visual Studio Version 17
VisualStudioVersion = 17.0.32126.317
MinimumVisualStudioVersion = 10.0.40219.1
Project("{FAE04EC0-301F-11D3-BF4B-00C04F79EFBC}") = "Calculator", "Calculator.csproj", "{2043DBC1-DA69-401C-81EE-39D19181A9CC}"
EndProject
Global
	GlobalSection(SolutionConfigurationPlatforms) = preSolution
		Debug|Any CPU = Debug|Any CPU
		Release|Any CPU = Release|Any CPU
	EndGlobalSection
	GlobalSection(ProjectConfigurationPlatforms) = postSolution
		{2043DBC1-DA69-401C-81EE-39D19181A9CC}.Debug|Any CPU.ActiveCfg = Debug|Any CPU
		{2043DBC1-DA69-401C-81EE-39D19181A9CC}.Debug|Any CPU.Build.0 = Debug|Any CPU
		{2043DBC1-DA69-401C-81EE-39D19181A9CC}.Release|Any CPU.ActiveCfg = Release|Any CPU
		{2043DBC1-DA69-401C-81EE-39D19181A9CC}.Release|Any CPU.Build.0 = Release|Any CPU
	EndGlobalSection
	GlobalSection(SolutionProperties) = preSolution
		HideSolutionNode = FALSE
	EndGlobalSection
	GlobalSection(ExtensibilityGlobals) = postSolution
		SolutionGuid = {A51F615A-321B-4063-844D-524A9E41AEFD}
	EndGlobalSection
EndGlobal
