
Microsoft Visual Studio Solution File, Format Version 12.00
# Visual Studio Version 17
VisualStudioVersion = 17.0.32126.317
MinimumVisualStudioVersion = 10.0.40219.1
Project("{FAE04EC0-301F-11D3-BF4B-00C04F79EFBC}") = "PriorityQueue", "PriorityQueue.csproj", "{353BC729-0865-4345-85AD-CA940656C809}"
EndProject
Project("{FAE04EC0-301F-11D3-BF4B-00C04F79EFBC}") = "PriorityQueueTests", "..\PriorityQueueTests\PriorityQueueTests.csproj", "{7E17A1CA-77BD-4259-8139-BEAC39C2CCC0}"
EndProject
Project("{2150E333-8FDC-42A3-9474-1A3956D46DE8}") = "Solution Items", "Solution Items", "{9DAF4A66-1511-46A7-A948-371899E5F014}"
	ProjectSection(SolutionItems) = preProject
		.editorconfig = .editorconfig
	EndProjectSection
EndProject
Global
	GlobalSection(SolutionConfigurationPlatforms) = preSolution
		Debug|Any CPU = Debug|Any CPU
		Release|Any CPU = Release|Any CPU
	EndGlobalSection
	GlobalSection(ProjectConfigurationPlatforms) = postSolution
		{353BC729-0865-4345-85AD-CA940656C809}.Debug|Any CPU.ActiveCfg = Debug|Any CPU
		{353BC729-0865-4345-85AD-CA940656C809}.Debug|Any CPU.Build.0 = Debug|Any CPU
		{353BC729-0865-4345-85AD-CA940656C809}.Release|Any CPU.ActiveCfg = Release|Any CPU
		{353BC729-0865-4345-85AD-CA940656C809}.Release|Any CPU.Build.0 = Release|Any CPU
		{7E17A1CA-77BD-4259-8139-BEAC39C2CCC0}.Debug|Any CPU.ActiveCfg = Debug|Any CPU
		{7E17A1CA-77BD-4259-8139-BEAC39C2CCC0}.Debug|Any CPU.Build.0 = Debug|Any CPU
		{7E17A1CA-77BD-4259-8139-BEAC39C2CCC0}.Release|Any CPU.ActiveCfg = Release|Any CPU
		{7E17A1CA-77BD-4259-8139-BEAC39C2CCC0}.Release|Any CPU.Build.0 = Release|Any CPU
	EndGlobalSection
	GlobalSection(SolutionProperties) = preSolution
		HideSolutionNode = FALSE
	EndGlobalSection
	GlobalSection(ExtensibilityGlobals) = postSolution
		SolutionGuid = {E1F8634A-9D9B-49EC-8340-3C8DDD4D6BB7}
	EndGlobalSection
EndGlobal
