
Microsoft Visual Studio Solution File, Format Version 12.00
# Visual Studio Version 17
VisualStudioVersion = 17.0.32126.317
MinimumVisualStudioVersion = 10.0.40219.1
Project("{FAE04EC0-301F-11D3-BF4B-00C04F79EFBC}") = "Sorting", "Sorting.csproj", "{B26916FF-B55E-4BC6-9DD8-7B9244EC49BC}"
EndProject
Global
	GlobalSection(SolutionConfigurationPlatforms) = preSolution
		Debug|Any CPU = Debug|Any CPU
		Release|Any CPU = Release|Any CPU
	EndGlobalSection
	GlobalSection(ProjectConfigurationPlatforms) = postSolution
		{B26916FF-B55E-4BC6-9DD8-7B9244EC49BC}.Debug|Any CPU.ActiveCfg = Debug|Any CPU
		{B26916FF-B55E-4BC6-9DD8-7B9244EC49BC}.Debug|Any CPU.Build.0 = Debug|Any CPU
		{B26916FF-B55E-4BC6-9DD8-7B9244EC49BC}.Release|Any CPU.ActiveCfg = Release|Any CPU
		{B26916FF-B55E-4BC6-9DD8-7B9244EC49BC}.Release|Any CPU.Build.0 = Release|Any CPU
	EndGlobalSection
	GlobalSection(SolutionProperties) = preSolution
		HideSolutionNode = FALSE
	EndGlobalSection
	GlobalSection(ExtensibilityGlobals) = postSolution
		SolutionGuid = {85DCAA38-80B9-4E0B-96EF-BF2B21F03D8B}
	EndGlobalSection
EndGlobal
