
Microsoft Visual Studio Solution File, Format Version 12.00
# Visual Studio Version 17
VisualStudioVersion = 17.0.32126.317
MinimumVisualStudioVersion = 10.0.40219.1
Project("{9A19103F-16F7-4668-BE54-9A1E7A4F7556}") = "Sorting", "Sorting.csproj", "{B26916FF-B55E-4BC6-9DD8-7B9244EC49BC}"
EndProject
Project("{2150E333-8FDC-42A3-9474-1A3956D46DE8}") = "Solution Items", "Solution Items", "{57E754B4-6D64-4609-B20B-B62642A1F3B7}"
	ProjectSection(SolutionItems) = preProject
		.editorconfig = .editorconfig
	EndProjectSection
EndProject
Global
	GlobalSection(SolutionConfigurationPlatforms) = preSolution
		Debug|Any CPU = Debug|Any CPU
		Release|Any CPU = Release|Any CPU
	EndGlobalSection
	GlobalSection(ProjectConfigurationPlatforms) = postSolution
		{B26916FF-B55E-4BC6-9DD8-7B9244EC49BC}.Debug|Any CPU.ActiveCfg = Debug|Any CPU
		{B26916FF-B55E-4BC6-9DD8-7B9244EC49BC}.Debug|Any CPU.Build.0 = Debug|Any CPU
		{B26916FF-B55E-4BC6-9DD8-7B9244EC49BC}.Release|Any CPU.ActiveCfg = Release|Any CPU
		{B26916FF-B55E-4BC6-9DD8-7B9244EC49BC}.Release|Any CPU.Build.0 = Release|Any CPU
	EndGlobalSection
	GlobalSection(SolutionProperties) = preSolution
		HideSolutionNode = FALSE
	EndGlobalSection
	GlobalSection(ExtensibilityGlobals) = postSolution
		SolutionGuid = {85DCAA38-80B9-4E0B-96EF-BF2B21F03D8B}
	EndGlobalSection
EndGlobal
